
Microsoft Visual Studio Solution File, Format Version 12.00
# Visual Studio Version 17
VisualStudioVersion = 17.13.35913.81 d17.13
MinimumVisualStudioVersion = 10.0.40219.1
Project("{FAE04EC0-301F-11D3-BF4B-00C04F79EFBC}") = "menuApp", "menuApp.csproj", "{4EDE757B-7369-4372-AA66-3F0B796B58E4}"
EndProject
Global
	GlobalSection(SolutionConfigurationPlatforms) = preSolution
		Debug|Any CPU = Debug|Any CPU
		Release|Any CPU = Release|Any CPU
	EndGlobalSection
	GlobalSection(ProjectConfigurationPlatforms) = postSolution
		{4EDE757B-7369-4372-AA66-3F0B796B58E4}.Debug|Any CPU.ActiveCfg = Debug|Any CPU
		{4EDE757B-7369-4372-AA66-3F0B796B58E4}.Debug|Any CPU.Build.0 = Debug|Any CPU
		{4EDE757B-7369-4372-AA66-3F0B796B58E4}.Release|Any CPU.ActiveCfg = Release|Any CPU
		{4EDE757B-7369-4372-AA66-3F0B796B58E4}.Release|Any CPU.Build.0 = Release|Any CPU
	EndGlobalSection
	GlobalSection(SolutionProperties) = preSolution
		HideSolutionNode = FALSE
	EndGlobalSection
	GlobalSection(ExtensibilityGlobals) = postSolution
		SolutionGuid = {88F623F1-FA6D-42A4-94B7-B910D4A19E37}
	EndGlobalSection
EndGlobal
